
Microsoft Visual Studio Solution File, Format Version 12.00
# Visual Studio 15
Project("{FAE04EC0-301F-11D3-BF4B-00C04F79EFBC}") = "Assembly-CSharp", "Assembly-CSharp.csproj", "{7FA46F0C-952E-2ECC-2FA9-5E62AB335C23}"
EndProject
Project("{FAE04EC0-301F-11D3-BF4B-00C04F79EFBC}") = "Assembly-CSharp-Editor", "Assembly-CSharp-Editor.csproj", "{EF245297-7F8F-0028-A933-BD65075525E2}"
EndProject
Global
	GlobalSection(SolutionConfigurationPlatforms) = preSolution
		Debug|Any CPU = Debug|Any CPU
		Release|Any CPU = Release|Any CPU
	EndGlobalSection
	GlobalSection(ProjectConfigurationPlatforms) = postSolution
		{7FA46F0C-952E-2ECC-2FA9-5E62AB335C23}.Debug|Any CPU.ActiveCfg = Debug|Any CPU
		{7FA46F0C-952E-2ECC-2FA9-5E62AB335C23}.Debug|Any CPU.Build.0 = Debug|Any CPU
		{7FA46F0C-952E-2ECC-2FA9-5E62AB335C23}.Release|Any CPU.ActiveCfg = Release|Any CPU
		{7FA46F0C-952E-2ECC-2FA9-5E62AB335C23}.Release|Any CPU.Build.0 = Release|Any CPU
		{EF245297-7F8F-0028-A933-BD65075525E2}.Debug|Any CPU.ActiveCfg = Debug|Any CPU
		{EF245297-7F8F-0028-A933-BD65075525E2}.Debug|Any CPU.Build.0 = Debug|Any CPU
		{EF245297-7F8F-0028-A933-BD65075525E2}.Release|Any CPU.ActiveCfg = Release|Any CPU
		{EF245297-7F8F-0028-A933-BD65075525E2}.Release|Any CPU.Build.0 = Release|Any CPU
	EndGlobalSection
	GlobalSection(SolutionProperties) = preSolution
		HideSolutionNode = FALSE
	EndGlobalSection
EndGlobal
